// !$*UTF8*$!
{
	archiveVersion = 1;
	classes = {
	};
	objectVersion = 46;
	objects = {

/* Begin PBXBuildFile section */
		1BD0C1011A71BC2A0099EE89 /* main.m in Sources */ = {isa = PBXBuildFile; fileRef = 1BD0C1001A71BC2A0099EE89 /* main.m */; };
		1BD0C1061A71BC2B0099EE89 /* Images.xcassets in Resources */ = {isa = PBXBuildFile; fileRef = 1BD0C1051A71BC2B0099EE89 /* Images.xcassets */; };
		1BD0C1081A71BC2B0099EE89 /* InfoPlist.strings in Resources */ = {isa = PBXBuildFile; fileRef = 1BD0C1071A71BC2B0099EE89 /* InfoPlist.strings */; };
		1BD0C10A1A71BC2B0099EE89 /* iTunesArtwork in Resources */ = {isa = PBXBuildFile; fileRef = 1BD0C1091A71BC2B0099EE89 /* iTunesArtwork */; };
		1BD0C10C1A71BC2B0099EE89 /* iTunesArtwork@2x in Resources */ = {isa = PBXBuildFile; fileRef = 1BD0C10B1A71BC2B0099EE89 /* iTunesArtwork@2x */; };
		1BD0C1191A71BC2B0099EE89 /* FDVersionWindow.m in Sources */ = {isa = PBXBuildFile; fileRef = 1BD0C1181A71BC2B0099EE89 /* FDVersionWindow.m */; };
		1BD0C11E1A71BC2B0099EE89 /* AppDelegate.m in Sources */ = {isa = PBXBuildFile; fileRef = 1BD0C11D1A71BC2B0099EE89 /* AppDelegate.m */; };
		1BD0C1221A71BC2D0099EE89 /* HockeySDK.framework in Frameworks */ = {isa = PBXBuildFile; fileRef = 1BD0C1211A71BC2D0099EE89 /* HockeySDK.framework */; };
		1BD0C1261A71BC2D0099EE89 /* HockeySDKResources.bundle in Resources */ = {isa = PBXBuildFile; fileRef = 1BD0C1251A71BC2D0099EE89 /* HockeySDKResources.bundle */; };
/* End PBXBuildFile section */

/* Begin PBXFileReference section */
		1BD0C0FA1A71BC2A0099EE89 /* TESTGOOD.app */ = {isa = PBXFileReference; explicitFileType = wrapper.application; includeInIndex = 0; path = TESTGOOD.app; sourceTree = BUILT_PRODUCTS_DIR; };
		1BD0C0FE1A71BC2A0099EE89 /* Info.plist */ = {isa = PBXFileReference; lastKnownFileType = text.plist.xml; path = Info.plist; sourceTree = "<group>"; };
		1BD0C0FF1A71BC2A0099EE89 /* Prefix.pch */ = {isa = PBXFileReference; lastKnownFileType = sourcecode.c.h; path = Prefix.pch; sourceTree = "<group>"; };
		1BD0C1001A71BC2A0099EE89 /* main.m */ = {isa = PBXFileReference; lastKnownFileType = sourcecode.c.objc; path = main.m; sourceTree = "<group>"; };
		1BD0C1021A71BC2A0099EE89 /* Entitlements.entitlements */ = {isa = PBXFileReference; lastKnownFileType = text.xml; path = Entitlements.entitlements; sourceTree = "<group>"; };
		1BD0C1051A71BC2B0099EE89 /* Images.xcassets */ = {isa = PBXFileReference; lastKnownFileType = folder.assetcatalog; path = Images.xcassets; sourceTree = "<group>"; };
		1BD0C1071A71BC2B0099EE89 /* InfoPlist.strings */ = {isa = PBXFileReference; lastKnownFileType = text.plist.strings; path = InfoPlist.strings; sourceTree = "<group>"; };
		1BD0C1091A71BC2B0099EE89 /* iTunesArtwork */ = {isa = PBXFileReference; lastKnownFileType = file; path = iTunesArtwork; sourceTree = "<group>"; };
		1BD0C10B1A71BC2B0099EE89 /* iTunesArtwork@2x */ = {isa = PBXFileReference; lastKnownFileType = file; path = "iTunesArtwork@2x"; sourceTree = "<group>"; };
		1BD0C1171A71BC2B0099EE89 /* FDVersionWindow.h */ = {isa = PBXFileReference; lastKnownFileType = sourcecode.c.h; path = FDVersionWindow.h; sourceTree = "<group>"; };
		1BD0C1181A71BC2B0099EE89 /* FDVersionWindow.m */ = {isa = PBXFileReference; lastKnownFileType = sourcecode.c.objc; path = FDVersionWindow.m; sourceTree = "<group>"; };
		1BD0C11C1A71BC2B0099EE89 /* AppDelegate.h */ = {isa = PBXFileReference; lastKnownFileType = sourcecode.c.h; path = AppDelegate.h; sourceTree = "<group>"; };
		1BD0C11D1A71BC2B0099EE89 /* AppDelegate.m */ = {isa = PBXFileReference; lastKnownFileType = sourcecode.c.objc; path = AppDelegate.m; sourceTree = "<group>"; };
		1BD0C1211A71BC2D0099EE89 /* HockeySDK.framework */ = {isa = PBXFileReference; lastKnownFileType = wrapper.framework; path = HockeySDK.framework; sourceTree = "<group>"; };
		1BD0C1241A71BC2D0099EE89 /* HockeySDK.xcconfig */ = {isa = PBXFileReference; lastKnownFileType = text.xcconfig; path = HockeySDK.xcconfig; sourceTree = "<group>"; };
		1BD0C1251A71BC2D0099EE89 /* HockeySDKResources.bundle */ = {isa = PBXFileReference; lastKnownFileType = "wrapper.plug-in"; path = HockeySDKResources.bundle; sourceTree = "<group>"; };
/* End PBXFileReference section */

/* Begin PBXFrameworksBuildPhase section */
		1BD0C0F71A71BC2A0099EE89 /* Frameworks */ = {
			isa = PBXFrameworksBuildPhase;
			buildActionMask = 2147483647;
			files = (
				1BD0C1221A71BC2D0099EE89 /* HockeySDK.framework in Frameworks */,
			);
			runOnlyForDeploymentPostprocessing = 0;
		};
/* End PBXFrameworksBuildPhase section */

/* Begin PBXGroup section */
		1BD0C0F11A71BC2A0099EE89 = {
			isa = PBXGroup;
			children = (
				1BD0C0FC1A71BC2A0099EE89 /* TESTGOOD */,
				1BD0C0FB1A71BC2A0099EE89 /* Products */,
			);
			sourceTree = "<group>";
		};
		1BD0C0FB1A71BC2A0099EE89 /* Products */ = {
			isa = PBXGroup;
			children = (
				1BD0C0FA1A71BC2A0099EE89 /* TESTGOOD.app */,
			);
			name = Products;
			sourceTree = "<group>";
		};
		1BD0C0FC1A71BC2A0099EE89 /* TESTGOOD */ = {
			isa = PBXGroup;
			children = (
				1BD0C1101A71BC2B0099EE89 /* Classes */,
				1BD0C10D1A71BC2B0099EE89 /* Views */,
				1BD0C1041A71BC2A0099EE89 /* Resources */,
				1BD0C1031A71BC2A0099EE89 /* Vendors */,
				1BD0C0FD1A71BC2A0099EE89 /* Supporting Files */,
			);
			path = TESTGOOD;
			sourceTree = "<group>";
		};
		1BD0C0FD1A71BC2A0099EE89 /* Supporting Files */ = {
			isa = PBXGroup;
			children = (
				1BD0C0FE1A71BC2A0099EE89 /* Info.plist */,
				1BD0C0FF1A71BC2A0099EE89 /* Prefix.pch */,
				1BD0C1001A71BC2A0099EE89 /* main.m */,
				1BD0C1021A71BC2A0099EE89 /* Entitlements.entitlements */,
			);
			path = "Supporting Files";
			sourceTree = "<group>";
		};
		1BD0C1031A71BC2A0099EE89 /* Vendors */ = {
			isa = PBXGroup;
			children = (
				1BD0C11F1A71BC2B0099EE89 /* HockeyApp */,
			);
			path = Vendors;
			sourceTree = "<group>";
		};
		1BD0C1041A71BC2A0099EE89 /* Resources */ = {
			isa = PBXGroup;
			children = (
				1BD0C1051A71BC2B0099EE89 /* Images.xcassets */,
				1BD0C1071A71BC2B0099EE89 /* InfoPlist.strings */,
				1BD0C1091A71BC2B0099EE89 /* iTunesArtwork */,
				1BD0C10B1A71BC2B0099EE89 /* iTunesArtwork@2x */,
			);
			path = Resources;
			sourceTree = "<group>";
		};
		1BD0C10D1A71BC2B0099EE89 /* Views */ = {
			isa = PBXGroup;
			children = (
				1BD0C10F1A71BC2B0099EE89 /* Controllers */,
				1BD0C10E1A71BC2B0099EE89 /* Controls */,
			);
			path = Views;
			sourceTree = "<group>";
		};
		1BD0C10E1A71BC2B0099EE89 /* Controls */ = {
			isa = PBXGroup;
			children = (
			);
			path = Controls;
			sourceTree = "<group>";
		};
		1BD0C10F1A71BC2B0099EE89 /* Controllers */ = {
			isa = PBXGroup;
			children = (
			);
			path = Controllers;
			sourceTree = "<group>";
		};
		1BD0C1101A71BC2B0099EE89 /* Classes */ = {
			isa = PBXGroup;
			children = (
				1BD0C11C1A71BC2B0099EE89 /* AppDelegate.h */,
				1BD0C11D1A71BC2B0099EE89 /* AppDelegate.m */,
				1BD0C11B1A71BC2B0099EE89 /* Common */,
				1BD0C11A1A71BC2B0099EE89 /* Controllers */,
				1BD0C1151A71BC2B0099EE89 /* Controls */,
				1BD0C1141A71BC2B0099EE89 /* Categories */,
				1BD0C1131A71BC2B0099EE89 /* Models */,
				1BD0C1121A71BC2B0099EE89 /* Managers */,
				1BD0C1111A71BC2B0099EE89 /* Services */,
			);
			path = Classes;
			sourceTree = "<group>";
		};
		1BD0C1111A71BC2B0099EE89 /* Services */ = {
			isa = PBXGroup;
			children = (
			);
			path = Services;
			sourceTree = "<group>";
		};
		1BD0C1121A71BC2B0099EE89 /* Managers */ = {
			isa = PBXGroup;
			children = (
			);
			path = Managers;
			sourceTree = "<group>";
		};
		1BD0C1131A71BC2B0099EE89 /* Models */ = {
			isa = PBXGroup;
			children = (
			);
			path = Models;
			sourceTree = "<group>";
		};
		1BD0C1141A71BC2B0099EE89 /* Categories */ = {
			isa = PBXGroup;
			children = (
			);
			path = Categories;
			sourceTree = "<group>";
		};
		1BD0C1151A71BC2B0099EE89 /* Controls */ = {
			isa = PBXGroup;
			children = (
				1BD0C1161A71BC2B0099EE89 /* Common */,
			);
			path = Controls;
			sourceTree = "<group>";
		};
		1BD0C1161A71BC2B0099EE89 /* Common */ = {
			isa = PBXGroup;
			children = (
				1BD0C1171A71BC2B0099EE89 /* FDVersionWindow.h */,
				1BD0C1181A71BC2B0099EE89 /* FDVersionWindow.m */,
			);
			path = Common;
			sourceTree = "<group>";
		};
		1BD0C11A1A71BC2B0099EE89 /* Controllers */ = {
			isa = PBXGroup;
			children = (
			);
			path = Controllers;
			sourceTree = "<group>";
		};
		1BD0C11B1A71BC2B0099EE89 /* Common */ = {
			isa = PBXGroup;
			children = (
			);
			path = Common;
			sourceTree = "<group>";
		};
		1BD0C11F1A71BC2B0099EE89 /* HockeyApp */ = {
			isa = PBXGroup;
			children = (
				1BD0C1201A71BC2B0099EE89 /* HockeySDK.embeddedframework */,
			);
			path = HockeyApp;
			sourceTree = "<group>";
		};
		1BD0C1201A71BC2B0099EE89 /* HockeySDK.embeddedframework */ = {
			isa = PBXGroup;
			children = (
				1BD0C1211A71BC2D0099EE89 /* HockeySDK.framework */,
				1BD0C1231A71BC2D0099EE89 /* Resources */,
			);
			path = HockeySDK.embeddedframework;
			sourceTree = "<group>";
		};
		1BD0C1231A71BC2D0099EE89 /* Resources */ = {
			isa = PBXGroup;
			children = (
				1BD0C1241A71BC2D0099EE89 /* HockeySDK.xcconfig */,
				1BD0C1251A71BC2D0099EE89 /* HockeySDKResources.bundle */,
			);
			path = Resources;
			sourceTree = "<group>";
		};
/* End PBXGroup section */

/* Begin PBXNativeTarget section */
		1BD0C0F91A71BC2A0099EE89 /* TESTGOOD */ = {
			isa = PBXNativeTarget;
			buildConfigurationList = 1BD0C12A1A71BC2D0099EE89 /* Build configuration list for PBXNativeTarget "TESTGOOD" */;
			buildPhases = (
				1BD0C0F61A71BC2A0099EE89 /* Sources */,
				1BD0C0F71A71BC2A0099EE89 /* Frameworks */,
				1BD0C0F81A71BC2A0099EE89 /* Resources */,
			);
			buildRules = (
			);
			dependencies = (
			);
			name = TESTGOOD;
			productName = TESTGOOD;
			productReference = 1BD0C0FA1A71BC2A0099EE89 /* TESTGOOD.app */;
			productType = "com.apple.product-type.application";
		};
/* End PBXNativeTarget section */

/* Begin PBXProject section */
		1BD0C0F21A71BC2A0099EE89 /* Project object */ = {
			isa = PBXProject;
			attributes = {
				CLASSPREFIX = ss;
				LastUpgradeCheck = 0620;
				TargetAttributes = {
					1BD0C0F91A71BC2A0099EE89 = {
						CreatedOnToolsVersion = 6.2;
					};
				};
			};
			buildConfigurationList = 1BD0C0F51A71BC2A0099EE89 /* Build configuration list for PBXProject "TESTGOOD" */;
			compatibilityVersion = "Xcode 3.2";
			developmentRegion = English;
			hasScannedForEncodings = 0;
			knownRegions = (
				en,
			);
			mainGroup = 1BD0C0F11A71BC2A0099EE89;
			productRefGroup = 1BD0C0FB1A71BC2A0099EE89 /* Products */;
			projectDirPath = "";
			projectRoot = "";
			targets = (
				1BD0C0F91A71BC2A0099EE89 /* TESTGOOD */,
			);
		};
/* End PBXProject section */

/* Begin PBXResourcesBuildPhase section */
		1BD0C0F81A71BC2A0099EE89 /* Resources */ = {
			isa = PBXResourcesBuildPhase;
			buildActionMask = 2147483647;
			files = (
				1BD0C10C1A71BC2B0099EE89 /* iTunesArtwork@2x in Resources */,
				1BD0C1061A71BC2B0099EE89 /* Images.xcassets in Resources */,
				1BD0C1261A71BC2D0099EE89 /* HockeySDKResources.bundle in Resources */,
				1BD0C10A1A71BC2B0099EE89 /* iTunesArtwork in Resources */,
				1BD0C1081A71BC2B0099EE89 /* InfoPlist.strings in Resources */,
			);
			runOnlyForDeploymentPostprocessing = 0;
		};
/* End PBXResourcesBuildPhase section */

/* Begin PBXSourcesBuildPhase section */
		1BD0C0F61A71BC2A0099EE89 /* Sources */ = {
			isa = PBXSourcesBuildPhase;
			buildActionMask = 2147483647;
			files = (
				1BD0C1191A71BC2B0099EE89 /* FDVersionWindow.m in Sources */,
				1BD0C1011A71BC2A0099EE89 /* main.m in Sources */,
				1BD0C11E1A71BC2B0099EE89 /* AppDelegate.m in Sources */,
			);
			runOnlyForDeploymentPostprocessing = 0;
		};
/* End PBXSourcesBuildPhase section */

/* Begin XCBuildConfiguration section */
		1BD0C1271A71BC2D0099EE89 /* Ad Hoc */ = {
			isa = XCBuildConfiguration;
			buildSettings = {
				ALWAYS_SEARCH_USER_PATHS = NO;
				BUNDLE_IDENTIFIER = com.sap.mobilesdk.TESTGOOD.adhoc;
				CLANG_CXX_LANGUAGE_STANDARD = "gnu++0x";
				CLANG_CXX_LIBRARY = "libc++";
				CLANG_ENABLE_MODULES = YES;
				CLANG_ENABLE_OBJC_ARC = YES;
				CLANG_WARN_BOOL_CONVERSION = YES;
				CLANG_WARN_CONSTANT_CONVERSION = YES;
				CLANG_WARN_DIRECT_OBJC_ISA_USAGE = YES_ERROR;
				CLANG_WARN_EMPTY_BODY = YES;
				CLANG_WARN_ENUM_CONVERSION = YES;
				CLANG_WARN_INT_CONVERSION = YES;
				CLANG_WARN_OBJC_ROOT_CLASS = YES_ERROR;
				CLANG_WARN_UNREACHABLE_CODE = YES;
				CLANG_WARN__DUPLICATE_METHOD_MATCH = YES;
				CODE_SIGN_ENTITLEMENTS = "TESTGOOD/Supporting Files/Entitlements.entitlements";
				"CODE_SIGN_IDENTITY[sdk=iphoneos*]" = "iPhone Distribution";
				COPY_PHASE_STRIP = NO;
				ENABLE_STRICT_OBJC_MSGSEND = YES;
				FRAMEWORK_SEARCH_PATHS = "\"$(BUILD_DIR)/Release$(EFFECTIVE_PLATFORM_NAME)\"/**";
				GCC_C_LANGUAGE_STANDARD = gnu99;
				GCC_PREPROCESSOR_DEFINITIONS = AD_HOC;
				GCC_WARN_64_TO_32_BIT_CONVERSION = YES;
				GCC_WARN_ABOUT_RETURN_TYPE = YES_ERROR;
				GCC_WARN_UNDECLARED_SELECTOR = YES;
				GCC_WARN_UNINITIALIZED_AUTOS = YES_AGGRESSIVE;
				GCC_WARN_UNUSED_FUNCTION = YES;
				GCC_WARN_UNUSED_VARIABLE = YES;
				HEADER_SEARCH_PATHS = "\"$(BUILD_DIR)/Release$(EFFECTIVE_PLATFORM_NAME)\"/**";
				IPHONEOS_DEPLOYMENT_TARGET = 8.2;
				SDKROOT = iphoneos;
				TARGETED_DEVICE_FAMILY = "1,2";
				USER_HEADER_SEARCH_PATHS = "\"$(BUILD_DIR)/Release$(EFFECTIVE_PLATFORM_NAME)\"/**";
				VALIDATE_PRODUCT = YES;
			};
			name = "Ad Hoc";
		};
		1BD0C1281A71BC2D0099EE89 /* App Store */ = {
			isa = XCBuildConfiguration;
			buildSettings = {
				ALWAYS_SEARCH_USER_PATHS = NO;
				BUNDLE_IDENTIFIER = com.sap.mobilesdk.TESTGOOD;
				CLANG_CXX_LANGUAGE_STANDARD = "gnu++0x";
				CLANG_CXX_LIBRARY = "libc++";
				CLANG_ENABLE_MODULES = YES;
				CLANG_ENABLE_OBJC_ARC = YES;
				CLANG_WARN_BOOL_CONVERSION = YES;
				CLANG_WARN_CONSTANT_CONVERSION = YES;
				CLANG_WARN_DIRECT_OBJC_ISA_USAGE = YES_ERROR;
				CLANG_WARN_EMPTY_BODY = YES;
				CLANG_WARN_ENUM_CONVERSION = YES;
				CLANG_WARN_INT_CONVERSION = YES;
				CLANG_WARN_OBJC_ROOT_CLASS = YES_ERROR;
				CLANG_WARN_UNREACHABLE_CODE = YES;
				CLANG_WARN__DUPLICATE_METHOD_MATCH = YES;
				CODE_SIGN_ENTITLEMENTS = "TESTGOOD/Supporting Files/Entitlements.entitlements";
				"CODE_SIGN_IDENTITY[sdk=iphoneos*]" = "iPhone Distribution";
				COPY_PHASE_STRIP = YES;
				ENABLE_NS_ASSERTIONS = NO;
				ENABLE_STRICT_OBJC_MSGSEND = YES;
				FRAMEWORK_SEARCH_PATHS = "\"$(BUILD_DIR)/Release$(EFFECTIVE_PLATFORM_NAME)\"/**";
				GCC_C_LANGUAGE_STANDARD = gnu99;
				GCC_PREPROCESSOR_DEFINITIONS = APP_STORE;
				GCC_WARN_64_TO_32_BIT_CONVERSION = YES;
				GCC_WARN_ABOUT_RETURN_TYPE = YES_ERROR;
				GCC_WARN_UNDECLARED_SELECTOR = YES;
				GCC_WARN_UNINITIALIZED_AUTOS = YES_AGGRESSIVE;
				GCC_WARN_UNUSED_FUNCTION = YES;
				GCC_WARN_UNUSED_VARIABLE = YES;
				HEADER_SEARCH_PATHS = "\"$(BUILD_DIR)/Release$(EFFECTIVE_PLATFORM_NAME)\"/**";
				IPHONEOS_DEPLOYMENT_TARGET = 8.2;
				SDKROOT = iphoneos;
				TARGETED_DEVICE_FAMILY = "1,2";
				USER_HEADER_SEARCH_PATHS = "\"$(BUILD_DIR)/Release$(EFFECTIVE_PLATFORM_NAME)\"/**";
				VALIDATE_PRODUCT = YES;
			};
			name = "App Store";
		};
		1BD0C1291A71BC2D0099EE89 /* Debug */ = {
			isa = XCBuildConfiguration;
			buildSettings = {
				ALWAYS_SEARCH_USER_PATHS = NO;
				BUNDLE_IDENTIFIER = com.sap.mobilesdk.TESTGOOD.debug;
				CLANG_CXX_LANGUAGE_STANDARD = "gnu++0x";
				CLANG_CXX_LIBRARY = "libc++";
				CLANG_ENABLE_MODULES = YES;
				CLANG_ENABLE_OBJC_ARC = YES;
				CLANG_WARN_BOOL_CONVERSION = YES;
				CLANG_WARN_CONSTANT_CONVERSION = YES;
				CLANG_WARN_DIRECT_OBJC_ISA_USAGE = YES_ERROR;
				CLANG_WARN_EMPTY_BODY = YES;
				CLANG_WARN_ENUM_CONVERSION = YES;
				CLANG_WARN_INT_CONVERSION = YES;
				CLANG_WARN_OBJC_ROOT_CLASS = YES_ERROR;
				CLANG_WARN_UNREACHABLE_CODE = YES;
				CLANG_WARN__DUPLICATE_METHOD_MATCH = YES;
				CODE_SIGN_ENTITLEMENTS = "TESTGOOD/Supporting Files/Entitlements.entitlements";
				"CODE_SIGN_IDENTITY[sdk=iphoneos*]" = "iPhone Developer";
				COPY_PHASE_STRIP = NO;
				ENABLE_STRICT_OBJC_MSGSEND = YES;
				GCC_C_LANGUAGE_STANDARD = gnu99;
				GCC_DYNAMIC_NO_PIC = NO;
				GCC_OPTIMIZATION_LEVEL = 0;
				GCC_PREPROCESSOR_DEFINITIONS = DEBUG;
				GCC_SYMBOLS_PRIVATE_EXTERN = NO;
				GCC_WARN_64_TO_32_BIT_CONVERSION = YES;
				GCC_WARN_ABOUT_RETURN_TYPE = YES_ERROR;
				GCC_WARN_UNDECLARED_SELECTOR = YES;
				GCC_WARN_UNINITIALIZED_AUTOS = YES_AGGRESSIVE;
				GCC_WARN_UNUSED_FUNCTION = YES;
				GCC_WARN_UNUSED_VARIABLE = YES;
				IPHONEOS_DEPLOYMENT_TARGET = 8.2;
				ONLY_ACTIVE_ARCH = YES;
				SDKROOT = iphoneos;
				TARGETED_DEVICE_FAMILY = "1,2";
			};
			name = Debug;
		};
		1BD0C12B1A71BC2D0099EE89 /* Ad Hoc */ = {
			isa = XCBuildConfiguration;
			buildSettings = {
				ASSETCATALOG_COMPILER_APPICON_NAME = AppIcon_Ad_Hoc;
				ASSETCATALOG_COMPILER_LAUNCHIMAGE_NAME = LaunchImage;
				FRAMEWORK_SEARCH_PATHS = (
					"$(inherited)",
					"$(PROJECT_DIR)/TESTGOOD/Vendors/HockeyApp/HockeySDK.embeddedframework",
				);
				GCC_PRECOMPILE_PREFIX_HEADER = YES;
				GCC_PREFIX_HEADER = "TESTGOOD/Supporting Files/Prefix.pch";
				INFOPLIST_FILE = "TESTGOOD/Supporting Files/Info.plist";
				PRODUCT_NAME = "$(TARGET_NAME)";
			};
			name = "Ad Hoc";
		};
		1BD0C12C1A71BC2D0099EE89 /* App Store */ = {
			isa = XCBuildConfiguration;
			buildSettings = {
				ASSETCATALOG_COMPILER_APPICON_NAME = AppIcon;
				ASSETCATALOG_COMPILER_LAUNCHIMAGE_NAME = LaunchImage;
				FRAMEWORK_SEARCH_PATHS = (
					"$(inherited)",
					"$(PROJECT_DIR)/TESTGOOD/Vendors/HockeyApp/HockeySDK.embeddedframework",
				);
				GCC_PRECOMPILE_PREFIX_HEADER = YES;
				GCC_PREFIX_HEADER = "TESTGOOD/Supporting Files/Prefix.pch";
				INFOPLIST_FILE = "TESTGOOD/Supporting Files/Info.plist";
				PRODUCT_NAME = "$(TARGET_NAME)";
			};
			name = "App Store";
		};
		1BD0C12D1A71BC2D0099EE89 /* Debug */ = {
			isa = XCBuildConfiguration;
			buildSettings = {
				ASSETCATALOG_COMPILER_APPICON_NAME = AppIcon_Debug;
				ASSETCATALOG_COMPILER_LAUNCHIMAGE_NAME = LaunchImage;
				FRAMEWORK_SEARCH_PATHS = (
					"$(inherited)",
					"$(PROJECT_DIR)/TESTGOOD/Vendors/HockeyApp/HockeySDK.embeddedframework",
				);
				GCC_PRECOMPILE_PREFIX_HEADER = YES;
				GCC_PREFIX_HEADER = "TESTGOOD/Supporting Files/Prefix.pch";
				INFOPLIST_FILE = "TESTGOOD/Supporting Files/Info.plist";
				PRODUCT_NAME = "$(TARGET_NAME)";
			};
			name = Debug;
		};
/* End XCBuildConfiguration section */

/* Begin XCConfigurationList section */
		1BD0C0F51A71BC2A0099EE89 /* Build configuration list for PBXProject "TESTGOOD" */ = {
			isa = XCConfigurationList;
			buildConfigurations = (
				1BD0C1271A71BC2D0099EE89 /* Ad Hoc */,
				1BD0C1281A71BC2D0099EE89 /* App Store */,
				1BD0C1291A71BC2D0099EE89 /* Debug */,
			);
			defaultConfigurationIsVisible = 0;
			defaultConfigurationName = Release;
		};
		1BD0C12A1A71BC2D0099EE89 /* Build configuration list for PBXNativeTarget "TESTGOOD" */ = {
			isa = XCConfigurationList;
			buildConfigurations = (
				1BD0C12B1A71BC2D0099EE89 /* Ad Hoc */,
				1BD0C12C1A71BC2D0099EE89 /* App Store */,
				1BD0C12D1A71BC2D0099EE89 /* Debug */,
			);
			defaultConfigurationIsVisible = 0;
		};
/* End XCConfigurationList section */
	};
	rootObject = 1BD0C0F21A71BC2A0099EE89 /* Project object */;
}
