// !$*UTF8*$!
{
	archiveVersion = 1;
	classes = {
	};
	objectVersion = 46;
	objects = {

/* Begin PBXBuildFile section */
		1B43E2E21A71CB6100E7C2D0 /* main.m in Sources */ = {isa = PBXBuildFile; fileRef = 1B43E2E11A71CB6100E7C2D0 /* main.m */; };
		1B43E2E71A71CB6100E7C2D0 /* Images.xcassets in Resources */ = {isa = PBXBuildFile; fileRef = 1B43E2E61A71CB6100E7C2D0 /* Images.xcassets */; };
		1B43E2E91A71CB6100E7C2D0 /* InfoPlist.strings in Resources */ = {isa = PBXBuildFile; fileRef = 1B43E2E81A71CB6100E7C2D0 /* InfoPlist.strings */; };
		1B43E2EB1A71CB6100E7C2D0 /* iTunesArtwork in Resources */ = {isa = PBXBuildFile; fileRef = 1B43E2EA1A71CB6100E7C2D0 /* iTunesArtwork */; };
		1B43E2ED1A71CB6200E7C2D0 /* iTunesArtwork@2x in Resources */ = {isa = PBXBuildFile; fileRef = 1B43E2EC1A71CB6200E7C2D0 /* iTunesArtwork@2x */; };
		1B43E2F01A71CB6200E7C2D0 /* Framework in Resources */ = {isa = PBXBuildFile; fileRef = 1B43E2EF1A71CB6200E7C2D0 /* Framework */; };
		1B43E2F31A71CB6200E7C2D0 /* AppDelegate.m in Sources */ = {isa = PBXBuildFile; fileRef = 1B43E2F21A71CB6200E7C2D0 /* AppDelegate.m */; };
		1B43E2F71A71CB6400E7C2D0 /* HockeySDK.framework in Frameworks */ = {isa = PBXBuildFile; fileRef = 1B43E2F61A71CB6400E7C2D0 /* HockeySDK.framework */; };
		1B43E2FB1A71CB6400E7C2D0 /* HockeySDKResources.bundle in Resources */ = {isa = PBXBuildFile; fileRef = 1B43E2FA1A71CB6400E7C2D0 /* HockeySDKResources.bundle */; };
/* End PBXBuildFile section */

/* Begin PBXFileReference section */
		1B43E2DB1A71CB6100E7C2D0 /* ewruewryewy.app */ = {isa = PBXFileReference; explicitFileType = wrapper.application; includeInIndex = 0; path = ewruewryewy.app; sourceTree = BUILT_PRODUCTS_DIR; };
		1B43E2DF1A71CB6100E7C2D0 /* Info.plist */ = {isa = PBXFileReference; lastKnownFileType = text.plist.xml; path = Info.plist; sourceTree = "<group>"; };
		1B43E2E01A71CB6100E7C2D0 /* Prefix.pch */ = {isa = PBXFileReference; lastKnownFileType = sourcecode.c.h; path = Prefix.pch; sourceTree = "<group>"; };
		1B43E2E11A71CB6100E7C2D0 /* main.m */ = {isa = PBXFileReference; lastKnownFileType = sourcecode.c.objc; path = main.m; sourceTree = "<group>"; };
		1B43E2E31A71CB6100E7C2D0 /* Entitlements.entitlements */ = {isa = PBXFileReference; lastKnownFileType = text.xml; path = Entitlements.entitlements; sourceTree = "<group>"; };
		1B43E2E61A71CB6100E7C2D0 /* Images.xcassets */ = {isa = PBXFileReference; lastKnownFileType = folder.assetcatalog; path = Images.xcassets; sourceTree = "<group>"; };
		1B43E2E81A71CB6100E7C2D0 /* InfoPlist.strings */ = {isa = PBXFileReference; lastKnownFileType = text.plist.strings; path = InfoPlist.strings; sourceTree = "<group>"; };
		1B43E2EA1A71CB6100E7C2D0 /* iTunesArtwork */ = {isa = PBXFileReference; lastKnownFileType = file; path = iTunesArtwork; sourceTree = "<group>"; };
		1B43E2EC1A71CB6200E7C2D0 /* iTunesArtwork@2x */ = {isa = PBXFileReference; lastKnownFileType = file; path = "iTunesArtwork@2x"; sourceTree = "<group>"; };
		1B43E2EF1A71CB6200E7C2D0 /* Framework */ = {isa = PBXFileReference; lastKnownFileType = text; name = Framework; path = Classes/Framework; sourceTree = "<group>"; };
		1B43E2F11A71CB6200E7C2D0 /* AppDelegate.h */ = {isa = PBXFileReference; lastKnownFileType = sourcecode.c.h; path = AppDelegate.h; sourceTree = "<group>"; };
		1B43E2F21A71CB6200E7C2D0 /* AppDelegate.m */ = {isa = PBXFileReference; lastKnownFileType = sourcecode.c.objc; path = AppDelegate.m; sourceTree = "<group>"; };
		1B43E2F61A71CB6400E7C2D0 /* HockeySDK.framework */ = {isa = PBXFileReference; lastKnownFileType = wrapper.framework; path = HockeySDK.framework; sourceTree = "<group>"; };
		1B43E2F91A71CB6400E7C2D0 /* HockeySDK.xcconfig */ = {isa = PBXFileReference; lastKnownFileType = text.xcconfig; path = HockeySDK.xcconfig; sourceTree = "<group>"; };
		1B43E2FA1A71CB6400E7C2D0 /* HockeySDKResources.bundle */ = {isa = PBXFileReference; lastKnownFileType = "wrapper.plug-in"; path = HockeySDKResources.bundle; sourceTree = "<group>"; };
/* End PBXFileReference section */

/* Begin PBXFrameworksBuildPhase section */
		1B43E2D81A71CB6100E7C2D0 /* Frameworks */ = {
			isa = PBXFrameworksBuildPhase;
			buildActionMask = 2147483647;
			files = (
				1B43E2F71A71CB6400E7C2D0 /* HockeySDK.framework in Frameworks */,
			);
			runOnlyForDeploymentPostprocessing = 0;
		};
/* End PBXFrameworksBuildPhase section */

/* Begin PBXGroup section */
		1B43E2D21A71CB6100E7C2D0 = {
			isa = PBXGroup;
			children = (
				1B43E2DD1A71CB6100E7C2D0 /* ewruewryewy */,
				1B43E2DC1A71CB6100E7C2D0 /* Products */,
			);
			sourceTree = "<group>";
		};
		1B43E2DC1A71CB6100E7C2D0 /* Products */ = {
			isa = PBXGroup;
			children = (
				1B43E2DB1A71CB6100E7C2D0 /* ewruewryewy.app */,
			);
			name = Products;
			sourceTree = "<group>";
		};
		1B43E2DD1A71CB6100E7C2D0 /* ewruewryewy */ = {
			isa = PBXGroup;
			children = (
				1B43E2EF1A71CB6200E7C2D0 /* Framework */,
				1B43E2EE1A71CB6200E7C2D0 /* Classes */,
				1B43E2E51A71CB6100E7C2D0 /* Resources */,
				1B43E2E41A71CB6100E7C2D0 /* Vendors */,
				1B43E2DE1A71CB6100E7C2D0 /* Supporting Files */,
			);
			path = ewruewryewy;
			sourceTree = "<group>";
		};
		1B43E2DE1A71CB6100E7C2D0 /* Supporting Files */ = {
			isa = PBXGroup;
			children = (
				1B43E2DF1A71CB6100E7C2D0 /* Info.plist */,
				1B43E2E01A71CB6100E7C2D0 /* Prefix.pch */,
				1B43E2E11A71CB6100E7C2D0 /* main.m */,
				1B43E2E31A71CB6100E7C2D0 /* Entitlements.entitlements */,
			);
			path = "Supporting Files";
			sourceTree = "<group>";
		};
		1B43E2E41A71CB6100E7C2D0 /* Vendors */ = {
			isa = PBXGroup;
			children = (
				1B43E2F41A71CB6200E7C2D0 /* HockeyApp */,
			);
			path = Vendors;
			sourceTree = "<group>";
		};
		1B43E2E51A71CB6100E7C2D0 /* Resources */ = {
			isa = PBXGroup;
			children = (
				1B43E2E61A71CB6100E7C2D0 /* Images.xcassets */,
				1B43E2E81A71CB6100E7C2D0 /* InfoPlist.strings */,
				1B43E2EA1A71CB6100E7C2D0 /* iTunesArtwork */,
				1B43E2EC1A71CB6200E7C2D0 /* iTunesArtwork@2x */,
			);
			path = Resources;
			sourceTree = "<group>";
		};
		1B43E2EE1A71CB6200E7C2D0 /* Classes */ = {
			isa = PBXGroup;
			children = (
				1B43E2F11A71CB6200E7C2D0 /* AppDelegate.h */,
				1B43E2F21A71CB6200E7C2D0 /* AppDelegate.m */,
			);
			path = Classes;
			sourceTree = "<group>";
		};
		1B43E2F41A71CB6200E7C2D0 /* HockeyApp */ = {
			isa = PBXGroup;
			children = (
				1B43E2F51A71CB6200E7C2D0 /* HockeySDK.embeddedframework */,
			);
			path = HockeyApp;
			sourceTree = "<group>";
		};
		1B43E2F51A71CB6200E7C2D0 /* HockeySDK.embeddedframework */ = {
			isa = PBXGroup;
			children = (
				1B43E2F61A71CB6400E7C2D0 /* HockeySDK.framework */,
				1B43E2F81A71CB6400E7C2D0 /* Resources */,
			);
			path = HockeySDK.embeddedframework;
			sourceTree = "<group>";
		};
		1B43E2F81A71CB6400E7C2D0 /* Resources */ = {
			isa = PBXGroup;
			children = (
				1B43E2F91A71CB6400E7C2D0 /* HockeySDK.xcconfig */,
				1B43E2FA1A71CB6400E7C2D0 /* HockeySDKResources.bundle */,
			);
			path = Resources;
			sourceTree = "<group>";
		};
/* End PBXGroup section */

/* Begin PBXNativeTarget section */
		1B43E2DA1A71CB6100E7C2D0 /* ewruewryewy */ = {
			isa = PBXNativeTarget;
			buildConfigurationList = 1B43E2FF1A71CB6400E7C2D0 /* Build configuration list for PBXNativeTarget "ewruewryewy" */;
			buildPhases = (
				1B43E2D71A71CB6100E7C2D0 /* Sources */,
				1B43E2D81A71CB6100E7C2D0 /* Frameworks */,
				1B43E2D91A71CB6100E7C2D0 /* Resources */,
			);
			buildRules = (
			);
			dependencies = (
			);
			name = ewruewryewy;
			productName = ewruewryewy;
			productReference = 1B43E2DB1A71CB6100E7C2D0 /* ewruewryewy.app */;
			productType = "com.apple.product-type.application";
		};
/* End PBXNativeTarget section */

/* Begin PBXProject section */
		1B43E2D31A71CB6100E7C2D0 /* Project object */ = {
			isa = PBXProject;
			attributes = {
				CLASSPREFIX = ss;
				LastUpgradeCheck = 0620;
				TargetAttributes = {
					1B43E2DA1A71CB6100E7C2D0 = {
						CreatedOnToolsVersion = 6.2;
					};
				};
			};
			buildConfigurationList = 1B43E2D61A71CB6100E7C2D0 /* Build configuration list for PBXProject "ewruewryewy" */;
			compatibilityVersion = "Xcode 3.2";
			developmentRegion = English;
			hasScannedForEncodings = 0;
			knownRegions = (
				en,
			);
			mainGroup = 1B43E2D21A71CB6100E7C2D0;
			productRefGroup = 1B43E2DC1A71CB6100E7C2D0 /* Products */;
			projectDirPath = "";
			projectRoot = "";
			targets = (
				1B43E2DA1A71CB6100E7C2D0 /* ewruewryewy */,
			);
		};
/* End PBXProject section */

/* Begin PBXResourcesBuildPhase section */
		1B43E2D91A71CB6100E7C2D0 /* Resources */ = {
			isa = PBXResourcesBuildPhase;
			buildActionMask = 2147483647;
			files = (
				1B43E2ED1A71CB6200E7C2D0 /* iTunesArtwork@2x in Resources */,
				1B43E2F01A71CB6200E7C2D0 /* Framework in Resources */,
				1B43E2E71A71CB6100E7C2D0 /* Images.xcassets in Resources */,
				1B43E2EB1A71CB6100E7C2D0 /* iTunesArtwork in Resources */,
				1B43E2E91A71CB6100E7C2D0 /* InfoPlist.strings in Resources */,
				1B43E2FB1A71CB6400E7C2D0 /* HockeySDKResources.bundle in Resources */,
			);
			runOnlyForDeploymentPostprocessing = 0;
		};
/* End PBXResourcesBuildPhase section */

/* Begin PBXSourcesBuildPhase section */
		1B43E2D71A71CB6100E7C2D0 /* Sources */ = {
			isa = PBXSourcesBuildPhase;
			buildActionMask = 2147483647;
			files = (
				1B43E2F31A71CB6200E7C2D0 /* AppDelegate.m in Sources */,
				1B43E2E21A71CB6100E7C2D0 /* main.m in Sources */,
			);
			runOnlyForDeploymentPostprocessing = 0;
		};
/* End PBXSourcesBuildPhase section */

/* Begin XCBuildConfiguration section */
		1B43E2FC1A71CB6400E7C2D0 /* Ad Hoc */ = {
			isa = XCBuildConfiguration;
			buildSettings = {
				ALWAYS_SEARCH_USER_PATHS = NO;
				BUNDLE_IDENTIFIER = com.sap.mobilesdk.ewruewryewy.adhoc;
				CLANG_CXX_LANGUAGE_STANDARD = "gnu++0x";
				CLANG_CXX_LIBRARY = "libc++";
				CLANG_ENABLE_MODULES = YES;
				CLANG_ENABLE_OBJC_ARC = YES;
				CLANG_WARN_BOOL_CONVERSION = YES;
				CLANG_WARN_CONSTANT_CONVERSION = YES;
				CLANG_WARN_DIRECT_OBJC_ISA_USAGE = YES_ERROR;
				CLANG_WARN_EMPTY_BODY = YES;
				CLANG_WARN_ENUM_CONVERSION = YES;
				CLANG_WARN_INT_CONVERSION = YES;
				CLANG_WARN_OBJC_ROOT_CLASS = YES_ERROR;
				CLANG_WARN_UNREACHABLE_CODE = YES;
				CLANG_WARN__DUPLICATE_METHOD_MATCH = YES;
				CODE_SIGN_ENTITLEMENTS = "ewruewryewy/Supporting Files/Entitlements.entitlements";
				"CODE_SIGN_IDENTITY[sdk=iphoneos*]" = "iPhone Distribution";
				COPY_PHASE_STRIP = NO;
				ENABLE_STRICT_OBJC_MSGSEND = YES;
				FRAMEWORK_SEARCH_PATHS = "\"$(BUILD_DIR)/Release$(EFFECTIVE_PLATFORM_NAME)\"/**";
				GCC_C_LANGUAGE_STANDARD = gnu99;
				GCC_PREPROCESSOR_DEFINITIONS = AD_HOC;
				GCC_WARN_64_TO_32_BIT_CONVERSION = YES;
				GCC_WARN_ABOUT_RETURN_TYPE = YES_ERROR;
				GCC_WARN_UNDECLARED_SELECTOR = YES;
				GCC_WARN_UNINITIALIZED_AUTOS = YES_AGGRESSIVE;
				GCC_WARN_UNUSED_FUNCTION = YES;
				GCC_WARN_UNUSED_VARIABLE = YES;
				HEADER_SEARCH_PATHS = "\"$(BUILD_DIR)/Release$(EFFECTIVE_PLATFORM_NAME)\"/**";
				IPHONEOS_DEPLOYMENT_TARGET = 8.2;
				SDKROOT = iphoneos;
				TARGETED_DEVICE_FAMILY = "1,2";
				USER_HEADER_SEARCH_PATHS = "\"$(BUILD_DIR)/Release$(EFFECTIVE_PLATFORM_NAME)\"/**";
				VALIDATE_PRODUCT = YES;
			};
			name = "Ad Hoc";
		};
		1B43E2FD1A71CB6400E7C2D0 /* App Store */ = {
			isa = XCBuildConfiguration;
			buildSettings = {
				ALWAYS_SEARCH_USER_PATHS = NO;
				BUNDLE_IDENTIFIER = com.sap.mobilesdk.ewruewryewy;
				CLANG_CXX_LANGUAGE_STANDARD = "gnu++0x";
				CLANG_CXX_LIBRARY = "libc++";
				CLANG_ENABLE_MODULES = YES;
				CLANG_ENABLE_OBJC_ARC = YES;
				CLANG_WARN_BOOL_CONVERSION = YES;
				CLANG_WARN_CONSTANT_CONVERSION = YES;
				CLANG_WARN_DIRECT_OBJC_ISA_USAGE = YES_ERROR;
				CLANG_WARN_EMPTY_BODY = YES;
				CLANG_WARN_ENUM_CONVERSION = YES;
				CLANG_WARN_INT_CONVERSION = YES;
				CLANG_WARN_OBJC_ROOT_CLASS = YES_ERROR;
				CLANG_WARN_UNREACHABLE_CODE = YES;
				CLANG_WARN__DUPLICATE_METHOD_MATCH = YES;
				CODE_SIGN_ENTITLEMENTS = "ewruewryewy/Supporting Files/Entitlements.entitlements";
				"CODE_SIGN_IDENTITY[sdk=iphoneos*]" = "iPhone Distribution";
				COPY_PHASE_STRIP = YES;
				ENABLE_NS_ASSERTIONS = NO;
				ENABLE_STRICT_OBJC_MSGSEND = YES;
				FRAMEWORK_SEARCH_PATHS = "\"$(BUILD_DIR)/Release$(EFFECTIVE_PLATFORM_NAME)\"/**";
				GCC_C_LANGUAGE_STANDARD = gnu99;
				GCC_PREPROCESSOR_DEFINITIONS = APP_STORE;
				GCC_WARN_64_TO_32_BIT_CONVERSION = YES;
				GCC_WARN_ABOUT_RETURN_TYPE = YES_ERROR;
				GCC_WARN_UNDECLARED_SELECTOR = YES;
				GCC_WARN_UNINITIALIZED_AUTOS = YES_AGGRESSIVE;
				GCC_WARN_UNUSED_FUNCTION = YES;
				GCC_WARN_UNUSED_VARIABLE = YES;
				HEADER_SEARCH_PATHS = "\"$(BUILD_DIR)/Release$(EFFECTIVE_PLATFORM_NAME)\"/**";
				IPHONEOS_DEPLOYMENT_TARGET = 8.2;
				SDKROOT = iphoneos;
				TARGETED_DEVICE_FAMILY = "1,2";
				USER_HEADER_SEARCH_PATHS = "\"$(BUILD_DIR)/Release$(EFFECTIVE_PLATFORM_NAME)\"/**";
				VALIDATE_PRODUCT = YES;
			};
			name = "App Store";
		};
		1B43E2FE1A71CB6400E7C2D0 /* Debug */ = {
			isa = XCBuildConfiguration;
			buildSettings = {
				ALWAYS_SEARCH_USER_PATHS = NO;
				BUNDLE_IDENTIFIER = com.sap.mobilesdk.ewruewryewy.debug;
				CLANG_CXX_LANGUAGE_STANDARD = "gnu++0x";
				CLANG_CXX_LIBRARY = "libc++";
				CLANG_ENABLE_MODULES = YES;
				CLANG_ENABLE_OBJC_ARC = YES;
				CLANG_WARN_BOOL_CONVERSION = YES;
				CLANG_WARN_CONSTANT_CONVERSION = YES;
				CLANG_WARN_DIRECT_OBJC_ISA_USAGE = YES_ERROR;
				CLANG_WARN_EMPTY_BODY = YES;
				CLANG_WARN_ENUM_CONVERSION = YES;
				CLANG_WARN_INT_CONVERSION = YES;
				CLANG_WARN_OBJC_ROOT_CLASS = YES_ERROR;
				CLANG_WARN_UNREACHABLE_CODE = YES;
				CLANG_WARN__DUPLICATE_METHOD_MATCH = YES;
				CODE_SIGN_ENTITLEMENTS = "ewruewryewy/Supporting Files/Entitlements.entitlements";
				"CODE_SIGN_IDENTITY[sdk=iphoneos*]" = "iPhone Developer";
				COPY_PHASE_STRIP = NO;
				ENABLE_STRICT_OBJC_MSGSEND = YES;
				GCC_C_LANGUAGE_STANDARD = gnu99;
				GCC_DYNAMIC_NO_PIC = NO;
				GCC_OPTIMIZATION_LEVEL = 0;
				GCC_PREPROCESSOR_DEFINITIONS = DEBUG;
				GCC_SYMBOLS_PRIVATE_EXTERN = NO;
				GCC_WARN_64_TO_32_BIT_CONVERSION = YES;
				GCC_WARN_ABOUT_RETURN_TYPE = YES_ERROR;
				GCC_WARN_UNDECLARED_SELECTOR = YES;
				GCC_WARN_UNINITIALIZED_AUTOS = YES_AGGRESSIVE;
				GCC_WARN_UNUSED_FUNCTION = YES;
				GCC_WARN_UNUSED_VARIABLE = YES;
				IPHONEOS_DEPLOYMENT_TARGET = 8.2;
				ONLY_ACTIVE_ARCH = YES;
				SDKROOT = iphoneos;
				TARGETED_DEVICE_FAMILY = "1,2";
			};
			name = Debug;
		};
		1B43E3001A71CB6400E7C2D0 /* Ad Hoc */ = {
			isa = XCBuildConfiguration;
			buildSettings = {
				ASSETCATALOG_COMPILER_APPICON_NAME = AppIcon_Ad_Hoc;
				ASSETCATALOG_COMPILER_LAUNCHIMAGE_NAME = LaunchImage;
				FRAMEWORK_SEARCH_PATHS = (
					"$(inherited)",
					"$(PROJECT_DIR)/ewruewryewy/Vendors/HockeyApp/HockeySDK.embeddedframework",
				);
				GCC_PRECOMPILE_PREFIX_HEADER = YES;
				GCC_PREFIX_HEADER = "ewruewryewy/Supporting Files/Prefix.pch";
				INFOPLIST_FILE = "ewruewryewy/Supporting Files/Info.plist";
				PRODUCT_NAME = "$(TARGET_NAME)";
			};
			name = "Ad Hoc";
		};
		1B43E3011A71CB6400E7C2D0 /* App Store */ = {
			isa = XCBuildConfiguration;
			buildSettings = {
				ASSETCATALOG_COMPILER_APPICON_NAME = AppIcon;
				ASSETCATALOG_COMPILER_LAUNCHIMAGE_NAME = LaunchImage;
				FRAMEWORK_SEARCH_PATHS = (
					"$(inherited)",
					"$(PROJECT_DIR)/ewruewryewy/Vendors/HockeyApp/HockeySDK.embeddedframework",
				);
				GCC_PRECOMPILE_PREFIX_HEADER = YES;
				GCC_PREFIX_HEADER = "ewruewryewy/Supporting Files/Prefix.pch";
				INFOPLIST_FILE = "ewruewryewy/Supporting Files/Info.plist";
				PRODUCT_NAME = "$(TARGET_NAME)";
			};
			name = "App Store";
		};
		1B43E3021A71CB6400E7C2D0 /* Debug */ = {
			isa = XCBuildConfiguration;
			buildSettings = {
				ASSETCATALOG_COMPILER_APPICON_NAME = AppIcon_Debug;
				ASSETCATALOG_COMPILER_LAUNCHIMAGE_NAME = LaunchImage;
				FRAMEWORK_SEARCH_PATHS = (
					"$(inherited)",
					"$(PROJECT_DIR)/ewruewryewy/Vendors/HockeyApp/HockeySDK.embeddedframework",
				);
				GCC_PRECOMPILE_PREFIX_HEADER = YES;
				GCC_PREFIX_HEADER = "ewruewryewy/Supporting Files/Prefix.pch";
				INFOPLIST_FILE = "ewruewryewy/Supporting Files/Info.plist";
				PRODUCT_NAME = "$(TARGET_NAME)";
			};
			name = Debug;
		};
/* End XCBuildConfiguration section */

/* Begin XCConfigurationList section */
		1B43E2D61A71CB6100E7C2D0 /* Build configuration list for PBXProject "ewruewryewy" */ = {
			isa = XCConfigurationList;
			buildConfigurations = (
				1B43E2FC1A71CB6400E7C2D0 /* Ad Hoc */,
				1B43E2FD1A71CB6400E7C2D0 /* App Store */,
				1B43E2FE1A71CB6400E7C2D0 /* Debug */,
			);
			defaultConfigurationIsVisible = 0;
			defaultConfigurationName = Release;
		};
		1B43E2FF1A71CB6400E7C2D0 /* Build configuration list for PBXNativeTarget "ewruewryewy" */ = {
			isa = XCConfigurationList;
			buildConfigurations = (
				1B43E3001A71CB6400E7C2D0 /* Ad Hoc */,
				1B43E3011A71CB6400E7C2D0 /* App Store */,
				1B43E3021A71CB6400E7C2D0 /* Debug */,
			);
			defaultConfigurationIsVisible = 0;
		};
/* End XCConfigurationList section */
	};
	rootObject = 1B43E2D31A71CB6100E7C2D0 /* Project object */;
}
