// !$*UTF8*$!
{
	archiveVersion = 1;
	classes = {
	};
	objectVersion = 46;
	objects = {

/* Begin PBXBuildFile section */
		1BD0C1AD1A71C1C90099EE89 /* main.m in Sources */ = {isa = PBXBuildFile; fileRef = 1BD0C1AC1A71C1C90099EE89 /* main.m */; };
		1BD0C1B21A71C1C90099EE89 /* Images.xcassets in Resources */ = {isa = PBXBuildFile; fileRef = 1BD0C1B11A71C1C90099EE89 /* Images.xcassets */; };
		1BD0C1B41A71C1C90099EE89 /* InfoPlist.strings in Resources */ = {isa = PBXBuildFile; fileRef = 1BD0C1B31A71C1C90099EE89 /* InfoPlist.strings */; };
		1BD0C1B61A71C1C90099EE89 /* iTunesArtwork in Resources */ = {isa = PBXBuildFile; fileRef = 1BD0C1B51A71C1C90099EE89 /* iTunesArtwork */; };
		1BD0C1B81A71C1C90099EE89 /* iTunesArtwork@2x in Resources */ = {isa = PBXBuildFile; fileRef = 1BD0C1B71A71C1C90099EE89 /* iTunesArtwork@2x */; };
/* End PBXBuildFile section */

/* Begin PBXFileReference section */
		1BD0C1A61A71C1C90099EE89 /* dfffdfd.app */ = {isa = PBXFileReference; explicitFileType = wrapper.application; includeInIndex = 0; path = dfffdfd.app; sourceTree = BUILT_PRODUCTS_DIR; };
		1BD0C1AA1A71C1C90099EE89 /* Info.plist */ = {isa = PBXFileReference; lastKnownFileType = text.plist.xml; path = Info.plist; sourceTree = "<group>"; };
		1BD0C1AB1A71C1C90099EE89 /* Prefix.pch */ = {isa = PBXFileReference; lastKnownFileType = sourcecode.c.h; path = Prefix.pch; sourceTree = "<group>"; };
		1BD0C1AC1A71C1C90099EE89 /* main.m */ = {isa = PBXFileReference; lastKnownFileType = sourcecode.c.objc; path = main.m; sourceTree = "<group>"; };
		1BD0C1AE1A71C1C90099EE89 /* Entitlements.entitlements */ = {isa = PBXFileReference; lastKnownFileType = text.xml; path = Entitlements.entitlements; sourceTree = "<group>"; };
		1BD0C1AF1A71C1C90099EE89 /* Vendors */ = {isa = PBXFileReference; lastKnownFileType = text; path = Vendors; sourceTree = "<group>"; };
		1BD0C1B11A71C1C90099EE89 /* Images.xcassets */ = {isa = PBXFileReference; lastKnownFileType = folder.assetcatalog; path = Images.xcassets; sourceTree = "<group>"; };
		1BD0C1B31A71C1C90099EE89 /* InfoPlist.strings */ = {isa = PBXFileReference; lastKnownFileType = text.plist.strings; path = InfoPlist.strings; sourceTree = "<group>"; };
		1BD0C1B51A71C1C90099EE89 /* iTunesArtwork */ = {isa = PBXFileReference; lastKnownFileType = file; path = iTunesArtwork; sourceTree = "<group>"; };
		1BD0C1B71A71C1C90099EE89 /* iTunesArtwork@2x */ = {isa = PBXFileReference; lastKnownFileType = file; path = "iTunesArtwork@2x"; sourceTree = "<group>"; };
		1BD0C1B91A71C1C90099EE89 /* Views */ = {isa = PBXFileReference; lastKnownFileType = text; path = Views; sourceTree = "<group>"; };
		1BD0C1BA1A71C1C90099EE89 /* Classes */ = {isa = PBXFileReference; lastKnownFileType = text; path = Classes; sourceTree = "<group>"; };
/* End PBXFileReference section */

/* Begin PBXFrameworksBuildPhase section */
		1BD0C1A31A71C1C90099EE89 /* Frameworks */ = {
			isa = PBXFrameworksBuildPhase;
			buildActionMask = 2147483647;
			files = (
			);
			runOnlyForDeploymentPostprocessing = 0;
		};
/* End PBXFrameworksBuildPhase section */

/* Begin PBXGroup section */
		1BD0C19D1A71C1C90099EE89 = {
			isa = PBXGroup;
			children = (
				1BD0C1A81A71C1C90099EE89 /* dfffdfd */,
				1BD0C1A71A71C1C90099EE89 /* Products */,
			);
			sourceTree = "<group>";
		};
		1BD0C1A71A71C1C90099EE89 /* Products */ = {
			isa = PBXGroup;
			children = (
				1BD0C1A61A71C1C90099EE89 /* dfffdfd.app */,
			);
			name = Products;
			sourceTree = "<group>";
		};
		1BD0C1A81A71C1C90099EE89 /* dfffdfd */ = {
			isa = PBXGroup;
			children = (
				1BD0C1AF1A71C1C90099EE89 /* Vendors */,
				1BD0C1B91A71C1C90099EE89 /* Views */,
				1BD0C1BA1A71C1C90099EE89 /* Classes */,
				1BD0C1B01A71C1C90099EE89 /* Resources */,
				1BD0C1A91A71C1C90099EE89 /* Supporting Files */,
			);
			path = dfffdfd;
			sourceTree = "<group>";
		};
		1BD0C1A91A71C1C90099EE89 /* Supporting Files */ = {
			isa = PBXGroup;
			children = (
				1BD0C1AA1A71C1C90099EE89 /* Info.plist */,
				1BD0C1AB1A71C1C90099EE89 /* Prefix.pch */,
				1BD0C1AC1A71C1C90099EE89 /* main.m */,
				1BD0C1AE1A71C1C90099EE89 /* Entitlements.entitlements */,
			);
			path = "Supporting Files";
			sourceTree = "<group>";
		};
		1BD0C1B01A71C1C90099EE89 /* Resources */ = {
			isa = PBXGroup;
			children = (
				1BD0C1B11A71C1C90099EE89 /* Images.xcassets */,
				1BD0C1B31A71C1C90099EE89 /* InfoPlist.strings */,
				1BD0C1B51A71C1C90099EE89 /* iTunesArtwork */,
				1BD0C1B71A71C1C90099EE89 /* iTunesArtwork@2x */,
			);
			path = Resources;
			sourceTree = "<group>";
		};
/* End PBXGroup section */

/* Begin PBXNativeTarget section */
		1BD0C1A51A71C1C90099EE89 /* dfffdfd */ = {
			isa = PBXNativeTarget;
			buildConfigurationList = 1BD0C1BE1A71C1C90099EE89 /* Build configuration list for PBXNativeTarget "dfffdfd" */;
			buildPhases = (
				1BD0C1A21A71C1C90099EE89 /* Sources */,
				1BD0C1A31A71C1C90099EE89 /* Frameworks */,
				1BD0C1A41A71C1C90099EE89 /* Resources */,
			);
			buildRules = (
			);
			dependencies = (
			);
			name = dfffdfd;
			productName = dfffdfd;
			productReference = 1BD0C1A61A71C1C90099EE89 /* dfffdfd.app */;
			productType = "com.apple.product-type.application";
		};
/* End PBXNativeTarget section */

/* Begin PBXProject section */
		1BD0C19E1A71C1C90099EE89 /* Project object */ = {
			isa = PBXProject;
			attributes = {
				CLASSPREFIX = ss;
				LastUpgradeCheck = 0620;
				TargetAttributes = {
					1BD0C1A51A71C1C90099EE89 = {
						CreatedOnToolsVersion = 6.2;
					};
				};
			};
			buildConfigurationList = 1BD0C1A11A71C1C90099EE89 /* Build configuration list for PBXProject "dfffdfd" */;
			compatibilityVersion = "Xcode 3.2";
			developmentRegion = English;
			hasScannedForEncodings = 0;
			knownRegions = (
				en,
			);
			mainGroup = 1BD0C19D1A71C1C90099EE89;
			productRefGroup = 1BD0C1A71A71C1C90099EE89 /* Products */;
			projectDirPath = "";
			projectRoot = "";
			targets = (
				1BD0C1A51A71C1C90099EE89 /* dfffdfd */,
			);
		};
/* End PBXProject section */

/* Begin PBXResourcesBuildPhase section */
		1BD0C1A41A71C1C90099EE89 /* Resources */ = {
			isa = PBXResourcesBuildPhase;
			buildActionMask = 2147483647;
			files = (
				1BD0C1B81A71C1C90099EE89 /* iTunesArtwork@2x in Resources */,
				1BD0C1B21A71C1C90099EE89 /* Images.xcassets in Resources */,
				1BD0C1B61A71C1C90099EE89 /* iTunesArtwork in Resources */,
				1BD0C1B41A71C1C90099EE89 /* InfoPlist.strings in Resources */,
			);
			runOnlyForDeploymentPostprocessing = 0;
		};
/* End PBXResourcesBuildPhase section */

/* Begin PBXSourcesBuildPhase section */
		1BD0C1A21A71C1C90099EE89 /* Sources */ = {
			isa = PBXSourcesBuildPhase;
			buildActionMask = 2147483647;
			files = (
				1BD0C1AD1A71C1C90099EE89 /* main.m in Sources */,
			);
			runOnlyForDeploymentPostprocessing = 0;
		};
/* End PBXSourcesBuildPhase section */

/* Begin XCBuildConfiguration section */
		1BD0C1BB1A71C1C90099EE89 /* Ad Hoc */ = {
			isa = XCBuildConfiguration;
			buildSettings = {
				ALWAYS_SEARCH_USER_PATHS = NO;
				BUNDLE_IDENTIFIER = com.sap.mobilesdk.dfffdfd.adhoc;
				CLANG_CXX_LANGUAGE_STANDARD = "gnu++0x";
				CLANG_CXX_LIBRARY = "libc++";
				CLANG_ENABLE_MODULES = YES;
				CLANG_ENABLE_OBJC_ARC = YES;
				CLANG_WARN_BOOL_CONVERSION = YES;
				CLANG_WARN_CONSTANT_CONVERSION = YES;
				CLANG_WARN_DIRECT_OBJC_ISA_USAGE = YES_ERROR;
				CLANG_WARN_EMPTY_BODY = YES;
				CLANG_WARN_ENUM_CONVERSION = YES;
				CLANG_WARN_INT_CONVERSION = YES;
				CLANG_WARN_OBJC_ROOT_CLASS = YES_ERROR;
				CLANG_WARN_UNREACHABLE_CODE = YES;
				CLANG_WARN__DUPLICATE_METHOD_MATCH = YES;
				CODE_SIGN_ENTITLEMENTS = "dfffdfd/Supporting Files/Entitlements.entitlements";
				"CODE_SIGN_IDENTITY[sdk=iphoneos*]" = "iPhone Distribution";
				COPY_PHASE_STRIP = NO;
				ENABLE_STRICT_OBJC_MSGSEND = YES;
				FRAMEWORK_SEARCH_PATHS = "\"$(BUILD_DIR)/Release$(EFFECTIVE_PLATFORM_NAME)\"/**";
				GCC_C_LANGUAGE_STANDARD = gnu99;
				GCC_PREPROCESSOR_DEFINITIONS = AD_HOC;
				GCC_WARN_64_TO_32_BIT_CONVERSION = YES;
				GCC_WARN_ABOUT_RETURN_TYPE = YES_ERROR;
				GCC_WARN_UNDECLARED_SELECTOR = YES;
				GCC_WARN_UNINITIALIZED_AUTOS = YES_AGGRESSIVE;
				GCC_WARN_UNUSED_FUNCTION = YES;
				GCC_WARN_UNUSED_VARIABLE = YES;
				HEADER_SEARCH_PATHS = "\"$(BUILD_DIR)/Release$(EFFECTIVE_PLATFORM_NAME)\"/**";
				IPHONEOS_DEPLOYMENT_TARGET = 8.2;
				SDKROOT = iphoneos;
				TARGETED_DEVICE_FAMILY = "1,2";
				USER_HEADER_SEARCH_PATHS = "\"$(BUILD_DIR)/Release$(EFFECTIVE_PLATFORM_NAME)\"/**";
				VALIDATE_PRODUCT = YES;
			};
			name = "Ad Hoc";
		};
		1BD0C1BC1A71C1C90099EE89 /* App Store */ = {
			isa = XCBuildConfiguration;
			buildSettings = {
				ALWAYS_SEARCH_USER_PATHS = NO;
				BUNDLE_IDENTIFIER = com.sap.mobilesdk.dfffdfd;
				CLANG_CXX_LANGUAGE_STANDARD = "gnu++0x";
				CLANG_CXX_LIBRARY = "libc++";
				CLANG_ENABLE_MODULES = YES;
				CLANG_ENABLE_OBJC_ARC = YES;
				CLANG_WARN_BOOL_CONVERSION = YES;
				CLANG_WARN_CONSTANT_CONVERSION = YES;
				CLANG_WARN_DIRECT_OBJC_ISA_USAGE = YES_ERROR;
				CLANG_WARN_EMPTY_BODY = YES;
				CLANG_WARN_ENUM_CONVERSION = YES;
				CLANG_WARN_INT_CONVERSION = YES;
				CLANG_WARN_OBJC_ROOT_CLASS = YES_ERROR;
				CLANG_WARN_UNREACHABLE_CODE = YES;
				CLANG_WARN__DUPLICATE_METHOD_MATCH = YES;
				CODE_SIGN_ENTITLEMENTS = "dfffdfd/Supporting Files/Entitlements.entitlements";
				"CODE_SIGN_IDENTITY[sdk=iphoneos*]" = "iPhone Distribution";
				COPY_PHASE_STRIP = YES;
				ENABLE_NS_ASSERTIONS = NO;
				ENABLE_STRICT_OBJC_MSGSEND = YES;
				FRAMEWORK_SEARCH_PATHS = "\"$(BUILD_DIR)/Release$(EFFECTIVE_PLATFORM_NAME)\"/**";
				GCC_C_LANGUAGE_STANDARD = gnu99;
				GCC_PREPROCESSOR_DEFINITIONS = APP_STORE;
				GCC_WARN_64_TO_32_BIT_CONVERSION = YES;
				GCC_WARN_ABOUT_RETURN_TYPE = YES_ERROR;
				GCC_WARN_UNDECLARED_SELECTOR = YES;
				GCC_WARN_UNINITIALIZED_AUTOS = YES_AGGRESSIVE;
				GCC_WARN_UNUSED_FUNCTION = YES;
				GCC_WARN_UNUSED_VARIABLE = YES;
				HEADER_SEARCH_PATHS = "\"$(BUILD_DIR)/Release$(EFFECTIVE_PLATFORM_NAME)\"/**";
				IPHONEOS_DEPLOYMENT_TARGET = 8.2;
				SDKROOT = iphoneos;
				TARGETED_DEVICE_FAMILY = "1,2";
				USER_HEADER_SEARCH_PATHS = "\"$(BUILD_DIR)/Release$(EFFECTIVE_PLATFORM_NAME)\"/**";
				VALIDATE_PRODUCT = YES;
			};
			name = "App Store";
		};
		1BD0C1BD1A71C1C90099EE89 /* Debug */ = {
			isa = XCBuildConfiguration;
			buildSettings = {
				ALWAYS_SEARCH_USER_PATHS = NO;
				BUNDLE_IDENTIFIER = com.sap.mobilesdk.dfffdfd.debug;
				CLANG_CXX_LANGUAGE_STANDARD = "gnu++0x";
				CLANG_CXX_LIBRARY = "libc++";
				CLANG_ENABLE_MODULES = YES;
				CLANG_ENABLE_OBJC_ARC = YES;
				CLANG_WARN_BOOL_CONVERSION = YES;
				CLANG_WARN_CONSTANT_CONVERSION = YES;
				CLANG_WARN_DIRECT_OBJC_ISA_USAGE = YES_ERROR;
				CLANG_WARN_EMPTY_BODY = YES;
				CLANG_WARN_ENUM_CONVERSION = YES;
				CLANG_WARN_INT_CONVERSION = YES;
				CLANG_WARN_OBJC_ROOT_CLASS = YES_ERROR;
				CLANG_WARN_UNREACHABLE_CODE = YES;
				CLANG_WARN__DUPLICATE_METHOD_MATCH = YES;
				CODE_SIGN_ENTITLEMENTS = "dfffdfd/Supporting Files/Entitlements.entitlements";
				"CODE_SIGN_IDENTITY[sdk=iphoneos*]" = "iPhone Developer";
				COPY_PHASE_STRIP = NO;
				ENABLE_STRICT_OBJC_MSGSEND = YES;
				GCC_C_LANGUAGE_STANDARD = gnu99;
				GCC_DYNAMIC_NO_PIC = NO;
				GCC_OPTIMIZATION_LEVEL = 0;
				GCC_PREPROCESSOR_DEFINITIONS = DEBUG;
				GCC_SYMBOLS_PRIVATE_EXTERN = NO;
				GCC_WARN_64_TO_32_BIT_CONVERSION = YES;
				GCC_WARN_ABOUT_RETURN_TYPE = YES_ERROR;
				GCC_WARN_UNDECLARED_SELECTOR = YES;
				GCC_WARN_UNINITIALIZED_AUTOS = YES_AGGRESSIVE;
				GCC_WARN_UNUSED_FUNCTION = YES;
				GCC_WARN_UNUSED_VARIABLE = YES;
				IPHONEOS_DEPLOYMENT_TARGET = 8.2;
				ONLY_ACTIVE_ARCH = YES;
				SDKROOT = iphoneos;
				TARGETED_DEVICE_FAMILY = "1,2";
			};
			name = Debug;
		};
		1BD0C1BF1A71C1C90099EE89 /* Ad Hoc */ = {
			isa = XCBuildConfiguration;
			buildSettings = {
				ASSETCATALOG_COMPILER_APPICON_NAME = AppIcon_Ad_Hoc;
				ASSETCATALOG_COMPILER_LAUNCHIMAGE_NAME = LaunchImage;
				GCC_PRECOMPILE_PREFIX_HEADER = YES;
				GCC_PREFIX_HEADER = "dfffdfd/Supporting Files/Prefix.pch";
				INFOPLIST_FILE = "dfffdfd/Supporting Files/Info.plist";
				PRODUCT_NAME = "$(TARGET_NAME)";
			};
			name = "Ad Hoc";
		};
		1BD0C1C01A71C1C90099EE89 /* App Store */ = {
			isa = XCBuildConfiguration;
			buildSettings = {
				ASSETCATALOG_COMPILER_APPICON_NAME = AppIcon;
				ASSETCATALOG_COMPILER_LAUNCHIMAGE_NAME = LaunchImage;
				GCC_PRECOMPILE_PREFIX_HEADER = YES;
				GCC_PREFIX_HEADER = "dfffdfd/Supporting Files/Prefix.pch";
				INFOPLIST_FILE = "dfffdfd/Supporting Files/Info.plist";
				PRODUCT_NAME = "$(TARGET_NAME)";
			};
			name = "App Store";
		};
		1BD0C1C11A71C1C90099EE89 /* Debug */ = {
			isa = XCBuildConfiguration;
			buildSettings = {
				ASSETCATALOG_COMPILER_APPICON_NAME = AppIcon_Debug;
				ASSETCATALOG_COMPILER_LAUNCHIMAGE_NAME = LaunchImage;
				GCC_PRECOMPILE_PREFIX_HEADER = YES;
				GCC_PREFIX_HEADER = "dfffdfd/Supporting Files/Prefix.pch";
				INFOPLIST_FILE = "dfffdfd/Supporting Files/Info.plist";
				PRODUCT_NAME = "$(TARGET_NAME)";
			};
			name = Debug;
		};
/* End XCBuildConfiguration section */

/* Begin XCConfigurationList section */
		1BD0C1A11A71C1C90099EE89 /* Build configuration list for PBXProject "dfffdfd" */ = {
			isa = XCConfigurationList;
			buildConfigurations = (
				1BD0C1BB1A71C1C90099EE89 /* Ad Hoc */,
				1BD0C1BC1A71C1C90099EE89 /* App Store */,
				1BD0C1BD1A71C1C90099EE89 /* Debug */,
			);
			defaultConfigurationIsVisible = 0;
			defaultConfigurationName = Release;
		};
		1BD0C1BE1A71C1C90099EE89 /* Build configuration list for PBXNativeTarget "dfffdfd" */ = {
			isa = XCConfigurationList;
			buildConfigurations = (
				1BD0C1BF1A71C1C90099EE89 /* Ad Hoc */,
				1BD0C1C01A71C1C90099EE89 /* App Store */,
				1BD0C1C11A71C1C90099EE89 /* Debug */,
			);
			defaultConfigurationIsVisible = 0;
		};
/* End XCConfigurationList section */
	};
	rootObject = 1BD0C19E1A71C1C90099EE89 /* Project object */;
}
